# THIS IS AN AUTOGENERATED FILE. DO NOT EDIT THIS FILE DIRECTLY.
# yarn lockfile v1


"@types/graphql@0.11.7":
  version "0.11.7"
  resolved "https://registry.yarnpkg.com/@types/graphql/-/graphql-0.11.7.tgz#da39a2f7c74e793e32e2bb7b3b68da1691532dd5"

"@types/lodash@^4.14.85":
  version "4.14.106"
  resolved "https://registry.yarnpkg.com/@types/lodash/-/lodash-4.14.106.tgz#6093e9a02aa567ddecfe9afadca89e53e5dce4dd"

argparse@^1.0.7:
  version "1.0.10"
  resolved "https://registry.yarnpkg.com/argparse/-/argparse-1.0.10.tgz#bcd6791ea5ae09725e17e5ad988134cd40b3d911"
  dependencies:
    sprintf-js "~1.0.2"

balanced-match@^1.0.0:
  version "1.0.0"
  resolved "https://registry.yarnpkg.com/balanced-match/-/balanced-match-1.0.0.tgz#89b4d199ab2bee49de164ea02b89ce462d71b767"

bootstrap@4.0:
  version "4.0.0"
  resolved "https://registry.yarnpkg.com/bootstrap/-/bootstrap-4.0.0.tgz#ceb03842c145fcc1b9b4e15da2a05656ba68469a"

brace-expansion@^1.1.7:
  version "1.1.11"
  resolved "https://registry.yarnpkg.com/brace-expansion/-/brace-expansion-1.1.11.tgz#3c7fcbf529d87226f3d2f52b966ff5271eb441dd"
  dependencies:
    balanced-match "^1.0.0"
    concat-map "0.0.1"

codemirror-graphql@^0.6.11:
  version "0.6.12"
  resolved "https://registry.yarnpkg.com/codemirror-graphql/-/codemirror-graphql-0.6.12.tgz#91a273fe5188857524a30221d06e645b4ca41f00"
  dependencies:
    graphql-language-service-interface "^1.0.16"
    graphql-language-service-parser "^0.1.14"

codemirror@^5.26.0:
  version "5.36.0"
  resolved "https://registry.yarnpkg.com/codemirror/-/codemirror-5.36.0.tgz#1172ad9dc298056c06e0b34e5ccd23825ca15b40"

concat-map@0.0.1:
  version "0.0.1"
  resolved "https://registry.yarnpkg.com/concat-map/-/concat-map-0.0.1.tgz#d8a96bd77fd68df7793a73036a3ba0d5405d477b"

cross-fetch@2.0.0:
  version "2.0.0"
  resolved "https://registry.yarnpkg.com/cross-fetch/-/cross-fetch-2.0.0.tgz#a17475449561e0f325146cea636a8619efb9b382"
  dependencies:
    node-fetch "2.0.0"
    whatwg-fetch "2.0.3"

entities@~1.1.1:
  version "1.1.1"
  resolved "https://registry.yarnpkg.com/entities/-/entities-1.1.1.tgz#6e5c2d0a5621b5dadaecef80b90edfb5cd7772f0"

esprima@^4.0.0:
  version "4.0.0"
  resolved "https://registry.yarnpkg.com/esprima/-/esprima-4.0.0.tgz#4499eddcd1110e0b218bacf2fa7f7f59f55ca804"

fs.realpath@^1.0.0:
  version "1.0.0"
  resolved "https://registry.yarnpkg.com/fs.realpath/-/fs.realpath-1.0.0.tgz#1504ad2523158caa40db4a2787cb01411994ea4f"

glob@^7.0.5:
  version "7.1.2"
  resolved "https://registry.yarnpkg.com/glob/-/glob-7.1.2.tgz#c19c9df9a028702d678612384a6552404c636d15"
  dependencies:
    fs.realpath "^1.0.0"
    inflight "^1.0.4"
    inherits "2"
    minimatch "^3.0.4"
    once "^1.3.0"
    path-is-absolute "^1.0.0"

graphiql@^0.11.11:
  version "0.11.11"
  resolved "https://registry.yarnpkg.com/graphiql/-/graphiql-0.11.11.tgz#eeaf9a38927dbe8c6ecbf81e700735e16ec50e71"
  dependencies:
    codemirror "^5.26.0"
    codemirror-graphql "^0.6.11"
    markdown-it "^8.4.0"

graphql-config@1.1.4:
  version "1.1.4"
  resolved "https://registry.yarnpkg.com/graphql-config/-/graphql-config-1.1.4.tgz#af09659f877b96451838de456e4e4f4be45be6dd"
  dependencies:
    graphql "^0.12.3"
    graphql-import "^0.1.7"
    graphql-request "^1.4.0"
    js-yaml "^3.10.0"
    minimatch "^3.0.4"
    rimraf "^2.6.2"

graphql-import@^0.1.7:
  version "0.1.9"
  resolved "https://registry.yarnpkg.com/graphql-import/-/graphql-import-0.1.9.tgz#9161f4f7ea92337b60fd40e22e64d3a68c212729"
  dependencies:
    "@types/graphql" "0.11.7"
    "@types/lodash" "^4.14.85"
    graphql "^0.12.3"
    lodash "^4.17.4"

graphql-language-service-interface@^1.0.16:
  version "1.0.18"
  resolved "https://registry.yarnpkg.com/graphql-language-service-interface/-/graphql-language-service-interface-1.0.18.tgz#c0fc1ef72c6f6f4bf9042bd7a8a8a66e0772caa8"
  dependencies:
    graphql-config "1.1.4"
    graphql-language-service-parser "^1.0.18"
    graphql-language-service-types "^1.0.18"
    graphql-language-service-utils "^1.0.18"

graphql-language-service-parser@^0.1.14:
  version "0.1.14"
  resolved "https://registry.yarnpkg.com/graphql-language-service-parser/-/graphql-language-service-parser-0.1.14.tgz#dd25abda5dcff4f2268c9a19e026004271491661"
  dependencies:
    graphql-language-service-types "^0.1.14"

graphql-language-service-parser@^1.0.18:
  version "1.0.18"
  resolved "https://registry.yarnpkg.com/graphql-language-service-parser/-/graphql-language-service-parser-1.0.18.tgz#80fe714f244fc81bc0352d0008ecafdf8fa75fe8"
  dependencies:
    graphql-config "1.1.4"
    graphql-language-service-types "^1.0.18"

graphql-language-service-types@^0.1.14:
  version "0.1.14"
  resolved "https://registry.yarnpkg.com/graphql-language-service-types/-/graphql-language-service-types-0.1.14.tgz#e6112785fc23ea8222f59a7f00e61b359f263c88"

graphql-language-service-types@^1.0.18:
  version "1.0.18"
  resolved "https://registry.yarnpkg.com/graphql-language-service-types/-/graphql-language-service-types-1.0.18.tgz#0c9ebb6dd7babd61bf6b3bea0675abde5d7e5b16"
  dependencies:
    graphql-config "1.1.4"

graphql-language-service-utils@^1.0.18:
  version "1.0.18"
  resolved "https://registry.yarnpkg.com/graphql-language-service-utils/-/graphql-language-service-utils-1.0.18.tgz#133fd0ce8ce360aad09c41feb47015eb7878cd3a"
  dependencies:
    graphql-config "1.1.4"
    graphql-language-service-types "^1.0.18"

graphql-request@^1.4.0:
  version "1.5.1"
  resolved "https://registry.yarnpkg.com/graphql-request/-/graphql-request-1.5.1.tgz#cccdf5cce6432ca062b90f7b63793c77c821ff9a"
  dependencies:
    cross-fetch "2.0.0"

graphql@^0.12.3:
  version "0.12.3"
  resolved "https://registry.yarnpkg.com/graphql/-/graphql-0.12.3.tgz#11668458bbe28261c0dcb6e265f515ba79f6ce07"
  dependencies:
    iterall "1.1.3"

inflight@^1.0.4:
  version "1.0.6"
  resolved "https://registry.yarnpkg.com/inflight/-/inflight-1.0.6.tgz#49bd6331d7d02d0c09bc910a1075ba8165b56df9"
  dependencies:
    once "^1.3.0"
    wrappy "1"

inherits@2:
  version "2.0.3"
  resolved "https://registry.yarnpkg.com/inherits/-/inherits-2.0.3.tgz#633c2c83e3da42a502f52466022480f4208261de"

iterall@1.1.3:
  version "1.1.3"
  resolved "https://registry.yarnpkg.com/iterall/-/iterall-1.1.3.tgz#1cbbff96204056dde6656e2ed2e2226d0e6d72c9"

js-yaml@^3.10.0:
  version "3.11.0"
  resolved "https://registry.yarnpkg.com/js-yaml/-/js-yaml-3.11.0.tgz#597c1a8bd57152f26d622ce4117851a51f5ebaef"
  dependencies:
    argparse "^1.0.7"
    esprima "^4.0.0"

linkify-it@^2.0.0:
  version "2.0.3"
  resolved "https://registry.yarnpkg.com/linkify-it/-/linkify-it-2.0.3.tgz#d94a4648f9b1c179d64fa97291268bdb6ce9434f"
  dependencies:
    uc.micro "^1.0.1"

lodash@^4.17.4:
  version "4.17.5"
  resolved "https://registry.yarnpkg.com/lodash/-/lodash-4.17.5.tgz#99a92d65c0272debe8c96b6057bc8fbfa3bed511"

markdown-it@^8.4.0:
  version "8.4.1"
  resolved "https://registry.yarnpkg.com/markdown-it/-/markdown-it-8.4.1.tgz#206fe59b0e4e1b78a7c73250af9b34a4ad0aaf44"
  dependencies:
    argparse "^1.0.7"
    entities "~1.1.1"
    linkify-it "^2.0.0"
    mdurl "^1.0.1"
    uc.micro "^1.0.5"

mdurl@^1.0.1:
  version "1.0.1"
  resolved "https://registry.yarnpkg.com/mdurl/-/mdurl-1.0.1.tgz#fe85b2ec75a59037f2adfec100fd6c601761152e"

minimatch@^3.0.4:
  version "3.0.4"
  resolved "https://registry.yarnpkg.com/minimatch/-/minimatch-3.0.4.tgz#5166e286457f03306064be5497e8dbb0c3d32083"
  dependencies:
    brace-expansion "^1.1.7"

node-fetch@2.0.0:
  version "2.0.0"
  resolved "https://registry.yarnpkg.com/node-fetch/-/node-fetch-2.0.0.tgz#982bba43ecd4f2922a29cc186a6bbb0bb73fcba6"

once@^1.3.0:
  version "1.4.0"
  resolved "https://registry.yarnpkg.com/once/-/once-1.4.0.tgz#583b1aa775961d4b113ac17d9c50baef9dd76bd1"
  dependencies:
    wrappy "1"

path-is-absolute@^1.0.0:
  version "1.0.1"
  resolved "https://registry.yarnpkg.com/path-is-absolute/-/path-is-absolute-1.0.1.tgz#174b9268735534ffbc7ace6bf53a5a9e1b5c5f5f"

rimraf@^2.6.2:
  version "2.6.2"
  resolved "https://registry.yarnpkg.com/rimraf/-/rimraf-2.6.2.tgz#2ed8150d24a16ea8651e6d6ef0f47c4158ce7a36"
  dependencies:
    glob "^7.0.5"

sprintf-js@~1.0.2:
  version "1.0.3"
  resolved "https://registry.yarnpkg.com/sprintf-js/-/sprintf-js-1.0.3.tgz#04e6926f662895354f3dd015203633b857297e2c"

uc.micro@^1.0.1, uc.micro@^1.0.5:
  version "1.0.5"
  resolved "https://registry.yarnpkg.com/uc.micro/-/uc.micro-1.0.5.tgz#0c65f15f815aa08b560a61ce8b4db7ffc3f45376"

whatwg-fetch@2.0.3:
  version "2.0.3"
  resolved "https://registry.yarnpkg.com/whatwg-fetch/-/whatwg-fetch-2.0.3.tgz#9c84ec2dcf68187ff00bc64e1274b442176e1c84"

wrappy@1:
  version "1.0.2"
  resolved "https://registry.yarnpkg.com/wrappy/-/wrappy-1.0.2.tgz#b5243d8f3ec1aa35f1364605bc0d1036e30ab69f"
